
Microsoft Visual Studio Solution File, Format Version 12.00
# Visual Studio Version 17
VisualStudioVersion = 17.0.31903.59
MinimumVisualStudioVersion = 10.0.40219.1
Project("{2150E333-8FDC-42A3-9474-1A3956D46DE8}") = "src", "src", "{2AFD578A-F041-4FA4-847E-1F849657B795}"
	ProjectSection(SolutionItems) = preProject
		src\Readme.md = src\Readme.md
	EndProjectSection
EndProject
Project("{2150E333-8FDC-42A3-9474-1A3956D46DE8}") = "Backend", "Backend", "{45E77558-7A25-47B6-B90B-1C9FA1D6C1C5}"
EndProject
Project("{9A19103F-16F7-4668-BE54-9A1E7A4F7556}") = "Backend.Application", "src\Backend\Backend.Application\Backend.Application.csproj", "{120856C7-1696-4FDF-B887-36F5A361E74D}"
EndProject
Project("{9A19103F-16F7-4668-BE54-9A1E7A4F7556}") = "Backend.Domain", "src\Backend\Backend.Domain\Backend.Domain.csproj", "{28723BFB-B6CD-40A2-B84B-5EBCDCE5BEF6}"
EndProject
Project("{9A19103F-16F7-4668-BE54-9A1E7A4F7556}") = "Backend.Infrastructure", "src\Backend\Backend.Infrastructure\Backend.Infrastructure.csproj", "{41F7BAC4-F57C-497D-8C8B-D5001C35F1F1}"
EndProject
Project("{2150E333-8FDC-42A3-9474-1A3956D46DE8}") = "Worker", "Worker", "{4FB9AFE9-0D6F-46DB-BC52-BDE560864D6B}"
EndProject
Project("{2150E333-8FDC-42A3-9474-1A3956D46DE8}") = "Market", "Market", "{99F7D194-CC50-4CF6-9195-256477DEA174}"
EndProject
Project("{9A19103F-16F7-4668-BE54-9A1E7A4F7556}") = "Market.Domain", "src\Market\Market.Domain\Market.Domain.csproj", "{AD78CC0D-2CA3-440B-AE53-9050B7ADFABD}"
EndProject
Project("{9A19103F-16F7-4668-BE54-9A1E7A4F7556}") = "Market.Infrastructure", "src\Market\Market.Infrastructure\Market.Infrastructure.csproj", "{DCDDE926-D87C-408D-8CEA-2E496B3046C4}"
EndProject
Project("{9A19103F-16F7-4668-BE54-9A1E7A4F7556}") = "Market.Application", "src\Market\Market.Application\Market.Application.csproj", "{F39F0DF9-9840-4E75-97FB-8380DDAF6C01}"
EndProject
Project("{2150E333-8FDC-42A3-9474-1A3956D46DE8}") = "Security", "Security", "{10E98AD0-7FCD-44C7-B743-33ACB8FFA32F}"
EndProject
Project("{9A19103F-16F7-4668-BE54-9A1E7A4F7556}") = "Security.API", "src\Security\Security.API\Security.API.csproj", "{0A8CA42E-8860-4125-90A8-7DD20BD87395}"
EndProject
Project("{FAE04EC0-301F-11D3-BF4B-00C04F79EFBC}") = "Market.API", "src\Market\Market.API\Market.API.csproj", "{4EC3E1CF-D1F9-4747-A337-37E3A3EB3C0B}"
EndProject
Project("{FAE04EC0-301F-11D3-BF4B-00C04F79EFBC}") = "Backend.API", "src\Backend\Backend.API\Backend.API.csproj", "{6D23F070-E5FE-417E-9E40-BA66212A9BBE}"
EndProject
Project("{2150E333-8FDC-42A3-9474-1A3956D46DE8}") = "Common", "Common", "{E192D205-B716-468A-B0AC-EFF6638D0840}"
EndProject
Project("{FAE04EC0-301F-11D3-BF4B-00C04F79EFBC}") = "Common.Core", "src\Common\Common.Core\Common.Core.csproj", "{7A48FEA0-AF24-492A-BBE2-3ADB0F6947BC}"
EndProject
Project("{FAE04EC0-301F-11D3-BF4B-00C04F79EFBC}") = "Common.Application", "src\Common\Common.Application\Common.Application.csproj", "{3E1DEAA9-76C1-4846-8F79-1EEAE53C1AAA}"
EndProject
Project("{2150E333-8FDC-42A3-9474-1A3956D46DE8}") = "tests", "tests", "{3481C0AD-0E7C-4374-BF61-2B96A2558F9D}"
EndProject
Project("{2150E333-8FDC-42A3-9474-1A3956D46DE8}") = "Market", "Market", "{D4CD5606-50EA-4F19-BE8E-EF3098D91B80}"
EndProject
Project("{FAE04EC0-301F-11D3-BF4B-00C04F79EFBC}") = "Infrastructure.Tests", "tests\Market\Infrastructure.Tests\Infrastructure.Tests.csproj", "{2D5B11DC-AF6F-4843-9F8B-155AD5AF1DAF}"
EndProject
Project("{FAE04EC0-301F-11D3-BF4B-00C04F79EFBC}") = "Tests.Common", "tests\Tests.Common\Tests.Common.csproj", "{516D466B-34C4-4025-BFA8-9E2E2BA24081}"
EndProject
Project("{FAE04EC0-301F-11D3-BF4B-00C04F79EFBC}") = "Application.Tests", "tests\Market\Application.Tests\Application.Tests.csproj", "{7B1269C1-B293-4169-8EFD-16CF9435628D}"
EndProject
Project("{FAE04EC0-301F-11D3-BF4B-00C04F79EFBC}") = "Common.Protos", "src\Common\Common.Protos\Common.Protos.csproj", "{F0DCC165-3047-4D78-91B1-CDAF988C9083}"
EndProject
Project("{FAE04EC0-301F-11D3-BF4B-00C04F79EFBC}") = "Common.Grpc", "src\Common\Common.Grpc\Common.Grpc.csproj", "{33362EEB-AFFF-4A1F-A627-95CEAE9F2DA1}"
EndProject
Project("{FAE04EC0-301F-11D3-BF4B-00C04F79EFBC}") = "Common.Messaging", "src\Common\Common.Messaging\Common.Messaging.csproj", "{A0224DE3-2674-4C1A-89C3-69EB57DD0616}"
EndProject
Project("{FAE04EC0-301F-11D3-BF4B-00C04F79EFBC}") = "Common.RabbitMQ", "src\Common\Common.RabbitMQ\Common.RabbitMQ.csproj", "{2E5E19D6-1382-4081-A01A-B339FAFFCF4F}"
EndProject
Project("{2150E333-8FDC-42A3-9474-1A3956D46DE8}") = "Solution Items", "Solution Items", "{A7312CAF-82B6-4569-A5E7-F1BD1F119654}"
	ProjectSection(SolutionItems) = preProject
		docker-compose.yml = docker-compose.yml
	EndProjectSection
EndProject
Project("{FAE04EC0-301F-11D3-BF4B-00C04F79EFBC}") = "Worker.API", "src\Worker\Worker.API\Worker.API.csproj", "{D055B6FE-D749-47CA-AA07-7EFB26281EE7}"
EndProject
Project("{FAE04EC0-301F-11D3-BF4B-00C04F79EFBC}") = "Worker.Application", "src\Worker\Worker.Application\Worker.Application.csproj", "{BBCB57A4-4A54-4144-9010-EA04E2687917}"
EndProject
Project("{FAE04EC0-301F-11D3-BF4B-00C04F79EFBC}") = "Worker.Infrastructure", "src\Worker\Worker.Infrastructure\Worker.Infrastructure.csproj", "{7EE43DD1-2B67-4F27-8A81-1A8CE8C3353F}"
EndProject
Project("{FAE04EC0-301F-11D3-BF4B-00C04F79EFBC}") = "Common.Plugin", "src\Common\Common.Plugin\Common.Plugin.csproj", "{2F4E8051-2BAA-4DBD-8042-31F6FC2ED8A1}"
EndProject
Project("{FAE04EC0-301F-11D3-BF4B-00C04F79EFBC}") = "Worker.Plugins", "src\Worker\Worker.Plugins\Worker.Plugins.csproj", "{BA0326E4-A636-4882-9D48-71DF91F8A495}"
EndProject
Project("{FAE04EC0-301F-11D3-BF4B-00C04F79EFBC}") = "Common.Web", "src\Common\Common.Web\Common.Web.csproj", "{1630BE10-E0EB-496D-AC76-19B6F4CE7836}"
EndProject
Project("{2150E333-8FDC-42A3-9474-1A3956D46DE8}") = "Worker", "Worker", "{FECAAE71-1533-40E2-BCA9-D611CC70F4CD}"
EndProject
Project("{FAE04EC0-301F-11D3-BF4B-00C04F79EFBC}") = "Application.Tests", "tests\Worker\Application.Tests\Application.Tests.csproj", "{DF99E1F5-78B2-4486-9999-838CF61E4101}"
EndProject
Project("{FAE04EC0-301F-11D3-BF4B-00C04F79EFBC}") = "Infrastructure.Tests", "tests\Worker\Infrastructure.Tests\Infrastructure.Tests.csproj", "{9FED8216-1C0C-4A94-929B-514F1082F45E}"
EndProject
Project("{FAE04EC0-301F-11D3-BF4B-00C04F79EFBC}") = "API.Tests", "tests\Worker\API.Tests\API.Tests.csproj", "{E567B076-22FD-421B-A8AD-46E72A54F6DB}"
EndProject
Global
	GlobalSection(SolutionConfigurationPlatforms) = preSolution
		Debug|Any CPU = Debug|Any CPU
		Release|Any CPU = Release|Any CPU
	EndGlobalSection
	GlobalSection(ProjectConfigurationPlatforms) = postSolution
		{120856C7-1696-4FDF-B887-36F5A361E74D}.Debug|Any CPU.ActiveCfg = Debug|Any CPU
		{120856C7-1696-4FDF-B887-36F5A361E74D}.Debug|Any CPU.Build.0 = Debug|Any CPU
		{120856C7-1696-4FDF-B887-36F5A361E74D}.Release|Any CPU.ActiveCfg = Release|Any CPU
		{120856C7-1696-4FDF-B887-36F5A361E74D}.Release|Any CPU.Build.0 = Release|Any CPU
		{28723BFB-B6CD-40A2-B84B-5EBCDCE5BEF6}.Debug|Any CPU.ActiveCfg = Debug|Any CPU
		{28723BFB-B6CD-40A2-B84B-5EBCDCE5BEF6}.Debug|Any CPU.Build.0 = Debug|Any CPU
		{28723BFB-B6CD-40A2-B84B-5EBCDCE5BEF6}.Release|Any CPU.ActiveCfg = Release|Any CPU
		{28723BFB-B6CD-40A2-B84B-5EBCDCE5BEF6}.Release|Any CPU.Build.0 = Release|Any CPU
		{41F7BAC4-F57C-497D-8C8B-D5001C35F1F1}.Debug|Any CPU.ActiveCfg = Debug|Any CPU
		{41F7BAC4-F57C-497D-8C8B-D5001C35F1F1}.Debug|Any CPU.Build.0 = Debug|Any CPU
		{41F7BAC4-F57C-497D-8C8B-D5001C35F1F1}.Release|Any CPU.ActiveCfg = Release|Any CPU
		{41F7BAC4-F57C-497D-8C8B-D5001C35F1F1}.Release|Any CPU.Build.0 = Release|Any CPU
		{AD78CC0D-2CA3-440B-AE53-9050B7ADFABD}.Debug|Any CPU.ActiveCfg = Debug|Any CPU
		{AD78CC0D-2CA3-440B-AE53-9050B7ADFABD}.Debug|Any CPU.Build.0 = Debug|Any CPU
		{AD78CC0D-2CA3-440B-AE53-9050B7ADFABD}.Release|Any CPU.ActiveCfg = Release|Any CPU
		{AD78CC0D-2CA3-440B-AE53-9050B7ADFABD}.Release|Any CPU.Build.0 = Release|Any CPU
		{DCDDE926-D87C-408D-8CEA-2E496B3046C4}.Debug|Any CPU.ActiveCfg = Debug|Any CPU
		{DCDDE926-D87C-408D-8CEA-2E496B3046C4}.Debug|Any CPU.Build.0 = Debug|Any CPU
		{DCDDE926-D87C-408D-8CEA-2E496B3046C4}.Release|Any CPU.ActiveCfg = Release|Any CPU
		{DCDDE926-D87C-408D-8CEA-2E496B3046C4}.Release|Any CPU.Build.0 = Release|Any CPU
		{F39F0DF9-9840-4E75-97FB-8380DDAF6C01}.Debug|Any CPU.ActiveCfg = Debug|Any CPU
		{F39F0DF9-9840-4E75-97FB-8380DDAF6C01}.Debug|Any CPU.Build.0 = Debug|Any CPU
		{F39F0DF9-9840-4E75-97FB-8380DDAF6C01}.Release|Any CPU.ActiveCfg = Release|Any CPU
		{F39F0DF9-9840-4E75-97FB-8380DDAF6C01}.Release|Any CPU.Build.0 = Release|Any CPU
		{0A8CA42E-8860-4125-90A8-7DD20BD87395}.Debug|Any CPU.ActiveCfg = Debug|Any CPU
		{0A8CA42E-8860-4125-90A8-7DD20BD87395}.Debug|Any CPU.Build.0 = Debug|Any CPU
		{0A8CA42E-8860-4125-90A8-7DD20BD87395}.Release|Any CPU.ActiveCfg = Release|Any CPU
		{0A8CA42E-8860-4125-90A8-7DD20BD87395}.Release|Any CPU.Build.0 = Release|Any CPU
		{4EC3E1CF-D1F9-4747-A337-37E3A3EB3C0B}.Debug|Any CPU.ActiveCfg = Debug|Any CPU
		{4EC3E1CF-D1F9-4747-A337-37E3A3EB3C0B}.Debug|Any CPU.Build.0 = Debug|Any CPU
		{4EC3E1CF-D1F9-4747-A337-37E3A3EB3C0B}.Release|Any CPU.ActiveCfg = Release|Any CPU
		{4EC3E1CF-D1F9-4747-A337-37E3A3EB3C0B}.Release|Any CPU.Build.0 = Release|Any CPU
		{6D23F070-E5FE-417E-9E40-BA66212A9BBE}.Debug|Any CPU.ActiveCfg = Debug|Any CPU
		{6D23F070-E5FE-417E-9E40-BA66212A9BBE}.Debug|Any CPU.Build.0 = Debug|Any CPU
		{6D23F070-E5FE-417E-9E40-BA66212A9BBE}.Release|Any CPU.ActiveCfg = Release|Any CPU
		{6D23F070-E5FE-417E-9E40-BA66212A9BBE}.Release|Any CPU.Build.0 = Release|Any CPU
		{7A48FEA0-AF24-492A-BBE2-3ADB0F6947BC}.Debug|Any CPU.ActiveCfg = Debug|Any CPU
		{7A48FEA0-AF24-492A-BBE2-3ADB0F6947BC}.Debug|Any CPU.Build.0 = Debug|Any CPU
		{7A48FEA0-AF24-492A-BBE2-3ADB0F6947BC}.Release|Any CPU.ActiveCfg = Release|Any CPU
		{7A48FEA0-AF24-492A-BBE2-3ADB0F6947BC}.Release|Any CPU.Build.0 = Release|Any CPU
		{3E1DEAA9-76C1-4846-8F79-1EEAE53C1AAA}.Debug|Any CPU.ActiveCfg = Debug|Any CPU
		{3E1DEAA9-76C1-4846-8F79-1EEAE53C1AAA}.Debug|Any CPU.Build.0 = Debug|Any CPU
		{3E1DEAA9-76C1-4846-8F79-1EEAE53C1AAA}.Release|Any CPU.ActiveCfg = Release|Any CPU
		{3E1DEAA9-76C1-4846-8F79-1EEAE53C1AAA}.Release|Any CPU.Build.0 = Release|Any CPU
		{2D5B11DC-AF6F-4843-9F8B-155AD5AF1DAF}.Debug|Any CPU.ActiveCfg = Debug|Any CPU
		{2D5B11DC-AF6F-4843-9F8B-155AD5AF1DAF}.Debug|Any CPU.Build.0 = Debug|Any CPU
		{2D5B11DC-AF6F-4843-9F8B-155AD5AF1DAF}.Release|Any CPU.ActiveCfg = Release|Any CPU
		{2D5B11DC-AF6F-4843-9F8B-155AD5AF1DAF}.Release|Any CPU.Build.0 = Release|Any CPU
		{516D466B-34C4-4025-BFA8-9E2E2BA24081}.Debug|Any CPU.ActiveCfg = Debug|Any CPU
		{516D466B-34C4-4025-BFA8-9E2E2BA24081}.Debug|Any CPU.Build.0 = Debug|Any CPU
		{516D466B-34C4-4025-BFA8-9E2E2BA24081}.Release|Any CPU.ActiveCfg = Release|Any CPU
		{516D466B-34C4-4025-BFA8-9E2E2BA24081}.Release|Any CPU.Build.0 = Release|Any CPU
		{7B1269C1-B293-4169-8EFD-16CF9435628D}.Debug|Any CPU.ActiveCfg = Debug|Any CPU
		{7B1269C1-B293-4169-8EFD-16CF9435628D}.Debug|Any CPU.Build.0 = Debug|Any CPU
		{7B1269C1-B293-4169-8EFD-16CF9435628D}.Release|Any CPU.ActiveCfg = Release|Any CPU
		{7B1269C1-B293-4169-8EFD-16CF9435628D}.Release|Any CPU.Build.0 = Release|Any CPU
		{F0DCC165-3047-4D78-91B1-CDAF988C9083}.Debug|Any CPU.ActiveCfg = Debug|Any CPU
		{F0DCC165-3047-4D78-91B1-CDAF988C9083}.Debug|Any CPU.Build.0 = Debug|Any CPU
		{F0DCC165-3047-4D78-91B1-CDAF988C9083}.Release|Any CPU.ActiveCfg = Release|Any CPU
		{F0DCC165-3047-4D78-91B1-CDAF988C9083}.Release|Any CPU.Build.0 = Release|Any CPU
		{33362EEB-AFFF-4A1F-A627-95CEAE9F2DA1}.Debug|Any CPU.ActiveCfg = Debug|Any CPU
		{33362EEB-AFFF-4A1F-A627-95CEAE9F2DA1}.Debug|Any CPU.Build.0 = Debug|Any CPU
		{33362EEB-AFFF-4A1F-A627-95CEAE9F2DA1}.Release|Any CPU.ActiveCfg = Release|Any CPU
		{33362EEB-AFFF-4A1F-A627-95CEAE9F2DA1}.Release|Any CPU.Build.0 = Release|Any CPU
		{A0224DE3-2674-4C1A-89C3-69EB57DD0616}.Debug|Any CPU.ActiveCfg = Debug|Any CPU
		{A0224DE3-2674-4C1A-89C3-69EB57DD0616}.Debug|Any CPU.Build.0 = Debug|Any CPU
		{A0224DE3-2674-4C1A-89C3-69EB57DD0616}.Release|Any CPU.ActiveCfg = Release|Any CPU
		{A0224DE3-2674-4C1A-89C3-69EB57DD0616}.Release|Any CPU.Build.0 = Release|Any CPU
		{2E5E19D6-1382-4081-A01A-B339FAFFCF4F}.Debug|Any CPU.ActiveCfg = Debug|Any CPU
		{2E5E19D6-1382-4081-A01A-B339FAFFCF4F}.Debug|Any CPU.Build.0 = Debug|Any CPU
		{2E5E19D6-1382-4081-A01A-B339FAFFCF4F}.Release|Any CPU.ActiveCfg = Release|Any CPU
		{2E5E19D6-1382-4081-A01A-B339FAFFCF4F}.Release|Any CPU.Build.0 = Release|Any CPU
		{D055B6FE-D749-47CA-AA07-7EFB26281EE7}.Debug|Any CPU.ActiveCfg = Debug|Any CPU
		{D055B6FE-D749-47CA-AA07-7EFB26281EE7}.Debug|Any CPU.Build.0 = Debug|Any CPU
		{D055B6FE-D749-47CA-AA07-7EFB26281EE7}.Release|Any CPU.ActiveCfg = Release|Any CPU
		{D055B6FE-D749-47CA-AA07-7EFB26281EE7}.Release|Any CPU.Build.0 = Release|Any CPU
		{BBCB57A4-4A54-4144-9010-EA04E2687917}.Debug|Any CPU.ActiveCfg = Debug|Any CPU
		{BBCB57A4-4A54-4144-9010-EA04E2687917}.Debug|Any CPU.Build.0 = Debug|Any CPU
		{BBCB57A4-4A54-4144-9010-EA04E2687917}.Release|Any CPU.ActiveCfg = Release|Any CPU
		{BBCB57A4-4A54-4144-9010-EA04E2687917}.Release|Any CPU.Build.0 = Release|Any CPU
		{7EE43DD1-2B67-4F27-8A81-1A8CE8C3353F}.Debug|Any CPU.ActiveCfg = Debug|Any CPU
		{7EE43DD1-2B67-4F27-8A81-1A8CE8C3353F}.Debug|Any CPU.Build.0 = Debug|Any CPU
		{7EE43DD1-2B67-4F27-8A81-1A8CE8C3353F}.Release|Any CPU.ActiveCfg = Release|Any CPU
		{7EE43DD1-2B67-4F27-8A81-1A8CE8C3353F}.Release|Any CPU.Build.0 = Release|Any CPU
		{2F4E8051-2BAA-4DBD-8042-31F6FC2ED8A1}.Debug|Any CPU.ActiveCfg = Debug|Any CPU
		{2F4E8051-2BAA-4DBD-8042-31F6FC2ED8A1}.Debug|Any CPU.Build.0 = Debug|Any CPU
		{2F4E8051-2BAA-4DBD-8042-31F6FC2ED8A1}.Release|Any CPU.ActiveCfg = Release|Any CPU
		{2F4E8051-2BAA-4DBD-8042-31F6FC2ED8A1}.Release|Any CPU.Build.0 = Release|Any CPU
		{BA0326E4-A636-4882-9D48-71DF91F8A495}.Debug|Any CPU.ActiveCfg = Debug|Any CPU
		{BA0326E4-A636-4882-9D48-71DF91F8A495}.Debug|Any CPU.Build.0 = Debug|Any CPU
		{BA0326E4-A636-4882-9D48-71DF91F8A495}.Release|Any CPU.ActiveCfg = Release|Any CPU
		{BA0326E4-A636-4882-9D48-71DF91F8A495}.Release|Any CPU.Build.0 = Release|Any CPU
		{1630BE10-E0EB-496D-AC76-19B6F4CE7836}.Debug|Any CPU.ActiveCfg = Debug|Any CPU
		{1630BE10-E0EB-496D-AC76-19B6F4CE7836}.Debug|Any CPU.Build.0 = Debug|Any CPU
		{1630BE10-E0EB-496D-AC76-19B6F4CE7836}.Release|Any CPU.ActiveCfg = Release|Any CPU
		{1630BE10-E0EB-496D-AC76-19B6F4CE7836}.Release|Any CPU.Build.0 = Release|Any CPU
		{DF99E1F5-78B2-4486-9999-838CF61E4101}.Debug|Any CPU.ActiveCfg = Debug|Any CPU
		{DF99E1F5-78B2-4486-9999-838CF61E4101}.Debug|Any CPU.Build.0 = Debug|Any CPU
		{DF99E1F5-78B2-4486-9999-838CF61E4101}.Release|Any CPU.ActiveCfg = Release|Any CPU
		{DF99E1F5-78B2-4486-9999-838CF61E4101}.Release|Any CPU.Build.0 = Release|Any CPU
		{9FED8216-1C0C-4A94-929B-514F1082F45E}.Debug|Any CPU.ActiveCfg = Debug|Any CPU
		{9FED8216-1C0C-4A94-929B-514F1082F45E}.Debug|Any CPU.Build.0 = Debug|Any CPU
		{9FED8216-1C0C-4A94-929B-514F1082F45E}.Release|Any CPU.ActiveCfg = Release|Any CPU
		{9FED8216-1C0C-4A94-929B-514F1082F45E}.Release|Any CPU.Build.0 = Release|Any CPU
		{E567B076-22FD-421B-A8AD-46E72A54F6DB}.Debug|Any CPU.ActiveCfg = Debug|Any CPU
		{E567B076-22FD-421B-A8AD-46E72A54F6DB}.Debug|Any CPU.Build.0 = Debug|Any CPU
		{E567B076-22FD-421B-A8AD-46E72A54F6DB}.Release|Any CPU.ActiveCfg = Release|Any CPU
		{E567B076-22FD-421B-A8AD-46E72A54F6DB}.Release|Any CPU.Build.0 = Release|Any CPU
	EndGlobalSection
	GlobalSection(SolutionProperties) = preSolution
		HideSolutionNode = FALSE
	EndGlobalSection
	GlobalSection(NestedProjects) = preSolution
		{45E77558-7A25-47B6-B90B-1C9FA1D6C1C5} = {2AFD578A-F041-4FA4-847E-1F849657B795}
		{120856C7-1696-4FDF-B887-36F5A361E74D} = {45E77558-7A25-47B6-B90B-1C9FA1D6C1C5}
		{28723BFB-B6CD-40A2-B84B-5EBCDCE5BEF6} = {45E77558-7A25-47B6-B90B-1C9FA1D6C1C5}
		{41F7BAC4-F57C-497D-8C8B-D5001C35F1F1} = {45E77558-7A25-47B6-B90B-1C9FA1D6C1C5}
		{4FB9AFE9-0D6F-46DB-BC52-BDE560864D6B} = {2AFD578A-F041-4FA4-847E-1F849657B795}
		{99F7D194-CC50-4CF6-9195-256477DEA174} = {2AFD578A-F041-4FA4-847E-1F849657B795}
		{AD78CC0D-2CA3-440B-AE53-9050B7ADFABD} = {99F7D194-CC50-4CF6-9195-256477DEA174}
		{DCDDE926-D87C-408D-8CEA-2E496B3046C4} = {99F7D194-CC50-4CF6-9195-256477DEA174}
		{F39F0DF9-9840-4E75-97FB-8380DDAF6C01} = {99F7D194-CC50-4CF6-9195-256477DEA174}
		{10E98AD0-7FCD-44C7-B743-33ACB8FFA32F} = {2AFD578A-F041-4FA4-847E-1F849657B795}
		{0A8CA42E-8860-4125-90A8-7DD20BD87395} = {10E98AD0-7FCD-44C7-B743-33ACB8FFA32F}
		{4EC3E1CF-D1F9-4747-A337-37E3A3EB3C0B} = {99F7D194-CC50-4CF6-9195-256477DEA174}
		{6D23F070-E5FE-417E-9E40-BA66212A9BBE} = {45E77558-7A25-47B6-B90B-1C9FA1D6C1C5}
		{E192D205-B716-468A-B0AC-EFF6638D0840} = {2AFD578A-F041-4FA4-847E-1F849657B795}
		{7A48FEA0-AF24-492A-BBE2-3ADB0F6947BC} = {E192D205-B716-468A-B0AC-EFF6638D0840}
		{3E1DEAA9-76C1-4846-8F79-1EEAE53C1AAA} = {E192D205-B716-468A-B0AC-EFF6638D0840}
		{D4CD5606-50EA-4F19-BE8E-EF3098D91B80} = {3481C0AD-0E7C-4374-BF61-2B96A2558F9D}
		{2D5B11DC-AF6F-4843-9F8B-155AD5AF1DAF} = {D4CD5606-50EA-4F19-BE8E-EF3098D91B80}
		{516D466B-34C4-4025-BFA8-9E2E2BA24081} = {3481C0AD-0E7C-4374-BF61-2B96A2558F9D}
		{7B1269C1-B293-4169-8EFD-16CF9435628D} = {D4CD5606-50EA-4F19-BE8E-EF3098D91B80}
		{F0DCC165-3047-4D78-91B1-CDAF988C9083} = {E192D205-B716-468A-B0AC-EFF6638D0840}
		{33362EEB-AFFF-4A1F-A627-95CEAE9F2DA1} = {E192D205-B716-468A-B0AC-EFF6638D0840}
		{A0224DE3-2674-4C1A-89C3-69EB57DD0616} = {E192D205-B716-468A-B0AC-EFF6638D0840}
		{2E5E19D6-1382-4081-A01A-B339FAFFCF4F} = {E192D205-B716-468A-B0AC-EFF6638D0840}
		{D055B6FE-D749-47CA-AA07-7EFB26281EE7} = {4FB9AFE9-0D6F-46DB-BC52-BDE560864D6B}
		{BBCB57A4-4A54-4144-9010-EA04E2687917} = {4FB9AFE9-0D6F-46DB-BC52-BDE560864D6B}
		{7EE43DD1-2B67-4F27-8A81-1A8CE8C3353F} = {4FB9AFE9-0D6F-46DB-BC52-BDE560864D6B}
		{2F4E8051-2BAA-4DBD-8042-31F6FC2ED8A1} = {E192D205-B716-468A-B0AC-EFF6638D0840}
		{BA0326E4-A636-4882-9D48-71DF91F8A495} = {4FB9AFE9-0D6F-46DB-BC52-BDE560864D6B}
		{1630BE10-E0EB-496D-AC76-19B6F4CE7836} = {E192D205-B716-468A-B0AC-EFF6638D0840}
		{FECAAE71-1533-40E2-BCA9-D611CC70F4CD} = {3481C0AD-0E7C-4374-BF61-2B96A2558F9D}
		{DF99E1F5-78B2-4486-9999-838CF61E4101} = {FECAAE71-1533-40E2-BCA9-D611CC70F4CD}
		{9FED8216-1C0C-4A94-929B-514F1082F45E} = {FECAAE71-1533-40E2-BCA9-D611CC70F4CD}
		{E567B076-22FD-421B-A8AD-46E72A54F6DB} = {FECAAE71-1533-40E2-BCA9-D611CC70F4CD}
	EndGlobalSection
	GlobalSection(ExtensibilityGlobals) = postSolution
		SolutionGuid = {4FD6FF18-9049-40B3-8AD3-B8A9114D1F69}
	EndGlobalSection
EndGlobal
